
Microsoft Visual Studio Solution File, Format Version 12.00
# Visual Studio Version 16
VisualStudioVersion = 16.0.35229.62
MinimumVisualStudioVersion = 10.0.40219.1
Project("{F184B08F-C81C-45F6-A57F-5ABD9991F28F}") = "employee", "employee.vbproj", "{2FF1EA06-5322-4775-A05D-461317E87C25}"
EndProject
Global
	GlobalSection(SolutionConfigurationPlatforms) = preSolution
		Debug|Any CPU = Debug|Any CPU
		Release|Any CPU = Release|Any CPU
	EndGlobalSection
	GlobalSection(ProjectConfigurationPlatforms) = postSolution
		{2FF1EA06-5322-4775-A05D-461317E87C25}.Debug|Any CPU.ActiveCfg = Debug|Any CPU
		{2FF1EA06-5322-4775-A05D-461317E87C25}.Debug|Any CPU.Build.0 = Debug|Any CPU
		{2FF1EA06-5322-4775-A05D-461317E87C25}.Release|Any CPU.ActiveCfg = Release|Any CPU
		{2FF1EA06-5322-4775-A05D-461317E87C25}.Release|Any CPU.Build.0 = Release|Any CPU
	EndGlobalSection
	GlobalSection(SolutionProperties) = preSolution
		HideSolutionNode = FALSE
	EndGlobalSection
	GlobalSection(ExtensibilityGlobals) = postSolution
		SolutionGuid = {9DCFC4BE-208D-43A5-A648-EE2B53C41919}
	EndGlobalSection
EndGlobal
